
Microsoft Visual Studio Solution File, Format Version 12.00
# Visual Studio Version 17
VisualStudioVersion = 17.13.35931.197 d17.13
MinimumVisualStudioVersion = 10.0.40219.1
Project("{FAE04EC0-301F-11D3-BF4B-00C04F79EFBC}") = "Credit_Management_System", "Credit_Management_System.csproj", "{BA14F068-11EF-495C-85A6-2D5F722A19C1}"
EndProject
Global
	GlobalSection(SolutionConfigurationPlatforms) = preSolution
		Debug|Any CPU = Debug|Any CPU
		Release|Any CPU = Release|Any CPU
	EndGlobalSection
	GlobalSection(ProjectConfigurationPlatforms) = postSolution
		{BA14F068-11EF-495C-85A6-2D5F722A19C1}.Debug|Any CPU.ActiveCfg = Debug|Any CPU
		{BA14F068-11EF-495C-85A6-2D5F722A19C1}.Debug|Any CPU.Build.0 = Debug|Any CPU
		{BA14F068-11EF-495C-85A6-2D5F722A19C1}.Release|Any CPU.ActiveCfg = Release|Any CPU
		{BA14F068-11EF-495C-85A6-2D5F722A19C1}.Release|Any CPU.Build.0 = Release|Any CPU
	EndGlobalSection
	GlobalSection(SolutionProperties) = preSolution
		HideSolutionNode = FALSE
	EndGlobalSection
	GlobalSection(ExtensibilityGlobals) = postSolution
		SolutionGuid = {1217CEE5-E9D9-4A5D-830F-F8FA1A3B5454}
	EndGlobalSection
EndGlobal
